
Microsoft Visual Studio Solution File, Format Version 12.00
# Visual Studio Version 16
VisualStudioVersion = 16.0.31402.337
MinimumVisualStudioVersion = 10.0.40219.1
Project("{9A19103F-16F7-4668-BE54-9A1E7A4F7556}") = "com.bilisimakademisi.course.capp", "com.bilisimakademisi.course.capp\com.bilisimakademisi.course.capp.csproj", "{F3446069-461E-4279-92A7-019CE52A385E}"
EndProject
Project("{FAE04EC0-301F-11D3-BF4B-00C04F79EFBC}") = "com.bilisimakademisi.math.capp", "com.bilisimakademisi.math.capp\com.bilisimakademisi.math.capp.csproj", "{7EA301B2-D2D0-4881-8F35-8B13B5198D19}"
EndProject
Global
	GlobalSection(SolutionConfigurationPlatforms) = preSolution
		Debug|Any CPU = Debug|Any CPU
		Release|Any CPU = Release|Any CPU
	EndGlobalSection
	GlobalSection(ProjectConfigurationPlatforms) = postSolution
		{F3446069-461E-4279-92A7-019CE52A385E}.Debug|Any CPU.ActiveCfg = Debug|Any CPU
		{F3446069-461E-4279-92A7-019CE52A385E}.Debug|Any CPU.Build.0 = Debug|Any CPU
		{F3446069-461E-4279-92A7-019CE52A385E}.Release|Any CPU.ActiveCfg = Release|Any CPU
		{F3446069-461E-4279-92A7-019CE52A385E}.Release|Any CPU.Build.0 = Release|Any CPU
		{7EA301B2-D2D0-4881-8F35-8B13B5198D19}.Debug|Any CPU.ActiveCfg = Debug|Any CPU
		{7EA301B2-D2D0-4881-8F35-8B13B5198D19}.Debug|Any CPU.Build.0 = Debug|Any CPU
		{7EA301B2-D2D0-4881-8F35-8B13B5198D19}.Release|Any CPU.ActiveCfg = Release|Any CPU
		{7EA301B2-D2D0-4881-8F35-8B13B5198D19}.Release|Any CPU.Build.0 = Release|Any CPU
	EndGlobalSection
	GlobalSection(SolutionProperties) = preSolution
		HideSolutionNode = FALSE
	EndGlobalSection
	GlobalSection(ExtensibilityGlobals) = postSolution
		SolutionGuid = {504DD0FF-6DA1-47CD-8354-1B7CFDD72350}
	EndGlobalSection
EndGlobal
